github.com/gracefulearth/go-colorext v0.0.0-20251216211757-b64b7ec8ef8e h1:vs7D1wdEde5F4iQBXAx5DRm2sHA3g1ko3ZtBYm8PK7E=
github.com/gracefulearth/go-colorext v0.0.0-20251216211757-b64b7ec8ef8e/go.mod h1:VI2YVW3vtjOqpvV1yr0d3vPD/G5u41M8PCczW4uPQ94=
golang.org/x/text v0.32.0 h1:ZD01bjUt1FQ9WJ0ClOL5vxgxOI/sVCNgX1YtKwcY0mU=
golang.org/x/text v0.32.0/go.mod h1:o/rUWzghvpD5TXrTIBuJU77MTaN0ljMWE47kxGJQ7jY=
